
Microsoft Visual Studio Solution File, Format Version 12.00
# Visual Studio Version 16
VisualStudioVersion = 16.0.30128.74
MinimumVisualStudioVersion = 10.0.40219.1
Project("{FAE04EC0-301F-11D3-BF4B-00C04F79EFBC}") = "Lands.Android", "Lands\Lands.Android\Lands.Android.csproj", "{4CABE198-D73B-4E15-BD0F-BAF067A46380}"
EndProject
Project("{FAE04EC0-301F-11D3-BF4B-00C04F79EFBC}") = "Lands.iOS", "Lands\Lands.iOS\Lands.iOS.csproj", "{A7DED067-9387-45AA-8EB6-08C3BB19182F}"
EndProject
Project("{FAE04EC0-301F-11D3-BF4B-00C04F79EFBC}") = "Lands", "Lands\Lands\Lands.csproj", "{7C099DC1-0209-464D-9D84-F63D640DC3CD}"
EndProject
Global
	GlobalSection(SolutionConfigurationPlatforms) = preSolution
		Debug|Any CPU = Debug|Any CPU
		Debug|iPhone = Debug|iPhone
		Debug|iPhoneSimulator = Debug|iPhoneSimulator
		Release|Any CPU = Release|Any CPU
		Release|iPhone = Release|iPhone
		Release|iPhoneSimulator = Release|iPhoneSimulator
	EndGlobalSection
	GlobalSection(ProjectConfigurationPlatforms) = postSolution
		{4CABE198-D73B-4E15-BD0F-BAF067A46380}.Debug|Any CPU.ActiveCfg = Debug|Any CPU
		{4CABE198-D73B-4E15-BD0F-BAF067A46380}.Debug|Any CPU.Build.0 = Debug|Any CPU
		{4CABE198-D73B-4E15-BD0F-BAF067A46380}.Debug|Any CPU.Deploy.0 = Debug|Any CPU
		{4CABE198-D73B-4E15-BD0F-BAF067A46380}.Debug|iPhone.ActiveCfg = Debug|Any CPU
		{4CABE198-D73B-4E15-BD0F-BAF067A46380}.Debug|iPhone.Build.0 = Debug|Any CPU
		{4CABE198-D73B-4E15-BD0F-BAF067A46380}.Debug|iPhone.Deploy.0 = Debug|Any CPU
		{4CABE198-D73B-4E15-BD0F-BAF067A46380}.Debug|iPhoneSimulator.ActiveCfg = Debug|Any CPU
		{4CABE198-D73B-4E15-BD0F-BAF067A46380}.Debug|iPhoneSimulator.Build.0 = Debug|Any CPU
		{4CABE198-D73B-4E15-BD0F-BAF067A46380}.Debug|iPhoneSimulator.Deploy.0 = Debug|Any CPU
		{4CABE198-D73B-4E15-BD0F-BAF067A46380}.Release|Any CPU.ActiveCfg = Release|Any CPU
		{4CABE198-D73B-4E15-BD0F-BAF067A46380}.Release|Any CPU.Build.0 = Release|Any CPU
		{4CABE198-D73B-4E15-BD0F-BAF067A46380}.Release|Any CPU.Deploy.0 = Release|Any CPU
		{4CABE198-D73B-4E15-BD0F-BAF067A46380}.Release|iPhone.ActiveCfg = Release|Any CPU
		{4CABE198-D73B-4E15-BD0F-BAF067A46380}.Release|iPhone.Build.0 = Release|Any CPU
		{4CABE198-D73B-4E15-BD0F-BAF067A46380}.Release|iPhone.Deploy.0 = Release|Any CPU
		{4CABE198-D73B-4E15-BD0F-BAF067A46380}.Release|iPhoneSimulator.ActiveCfg = Release|Any CPU
		{4CABE198-D73B-4E15-BD0F-BAF067A46380}.Release|iPhoneSimulator.Build.0 = Release|Any CPU
		{4CABE198-D73B-4E15-BD0F-BAF067A46380}.Release|iPhoneSimulator.Deploy.0 = Release|Any CPU
		{A7DED067-9387-45AA-8EB6-08C3BB19182F}.Debug|Any CPU.ActiveCfg = Debug|iPhone
		{A7DED067-9387-45AA-8EB6-08C3BB19182F}.Debug|Any CPU.Build.0 = Debug|iPhone
		{A7DED067-9387-45AA-8EB6-08C3BB19182F}.Debug|Any CPU.Deploy.0 = Debug|iPhone
		{A7DED067-9387-45AA-8EB6-08C3BB19182F}.Debug|iPhone.ActiveCfg = Debug|iPhone
		{A7DED067-9387-45AA-8EB6-08C3BB19182F}.Debug|iPhone.Build.0 = Debug|iPhone
		{A7DED067-9387-45AA-8EB6-08C3BB19182F}.Debug|iPhone.Deploy.0 = Debug|iPhone
		{A7DED067-9387-45AA-8EB6-08C3BB19182F}.Debug|iPhoneSimulator.ActiveCfg = Debug|iPhoneSimulator
		{A7DED067-9387-45AA-8EB6-08C3BB19182F}.Debug|iPhoneSimulator.Build.0 = Debug|iPhoneSimulator
		{A7DED067-9387-45AA-8EB6-08C3BB19182F}.Debug|iPhoneSimulator.Deploy.0 = Debug|iPhoneSimulator
		{A7DED067-9387-45AA-8EB6-08C3BB19182F}.Release|Any CPU.ActiveCfg = Release|iPhone
		{A7DED067-9387-45AA-8EB6-08C3BB19182F}.Release|Any CPU.Build.0 = Release|iPhone
		{A7DED067-9387-45AA-8EB6-08C3BB19182F}.Release|Any CPU.Deploy.0 = Release|iPhone
		{A7DED067-9387-45AA-8EB6-08C3BB19182F}.Release|iPhone.ActiveCfg = Release|iPhone
		{A7DED067-9387-45AA-8EB6-08C3BB19182F}.Release|iPhone.Build.0 = Release|iPhone
		{A7DED067-9387-45AA-8EB6-08C3BB19182F}.Release|iPhone.Deploy.0 = Release|iPhone
		{A7DED067-9387-45AA-8EB6-08C3BB19182F}.Release|iPhoneSimulator.ActiveCfg = Release|iPhoneSimulator
		{A7DED067-9387-45AA-8EB6-08C3BB19182F}.Release|iPhoneSimulator.Build.0 = Release|iPhoneSimulator
		{A7DED067-9387-45AA-8EB6-08C3BB19182F}.Release|iPhoneSimulator.Deploy.0 = Release|iPhoneSimulator
		{7C099DC1-0209-464D-9D84-F63D640DC3CD}.Debug|Any CPU.ActiveCfg = Debug|Any CPU
		{7C099DC1-0209-464D-9D84-F63D640DC3CD}.Debug|Any CPU.Build.0 = Debug|Any CPU
		{7C099DC1-0209-464D-9D84-F63D640DC3CD}.Debug|Any CPU.Deploy.0 = Debug|Any CPU
		{7C099DC1-0209-464D-9D84-F63D640DC3CD}.Debug|iPhone.ActiveCfg = Debug|Any CPU
		{7C099DC1-0209-464D-9D84-F63D640DC3CD}.Debug|iPhone.Build.0 = Debug|Any CPU
		{7C099DC1-0209-464D-9D84-F63D640DC3CD}.Debug|iPhone.Deploy.0 = Debug|Any CPU
		{7C099DC1-0209-464D-9D84-F63D640DC3CD}.Debug|iPhoneSimulator.ActiveCfg = Debug|Any CPU
		{7C099DC1-0209-464D-9D84-F63D640DC3CD}.Debug|iPhoneSimulator.Build.0 = Debug|Any CPU
		{7C099DC1-0209-464D-9D84-F63D640DC3CD}.Debug|iPhoneSimulator.Deploy.0 = Debug|Any CPU
		{7C099DC1-0209-464D-9D84-F63D640DC3CD}.Release|Any CPU.ActiveCfg = Release|Any CPU
		{7C099DC1-0209-464D-9D84-F63D640DC3CD}.Release|Any CPU.Build.0 = Release|Any CPU
		{7C099DC1-0209-464D-9D84-F63D640DC3CD}.Release|Any CPU.Deploy.0 = Release|Any CPU
		{7C099DC1-0209-464D-9D84-F63D640DC3CD}.Release|iPhone.ActiveCfg = Release|Any CPU
		{7C099DC1-0209-464D-9D84-F63D640DC3CD}.Release|iPhone.Build.0 = Release|Any CPU
		{7C099DC1-0209-464D-9D84-F63D640DC3CD}.Release|iPhone.Deploy.0 = Release|Any CPU
		{7C099DC1-0209-464D-9D84-F63D640DC3CD}.Release|iPhoneSimulator.ActiveCfg = Release|Any CPU
		{7C099DC1-0209-464D-9D84-F63D640DC3CD}.Release|iPhoneSimulator.Build.0 = Release|Any CPU
		{7C099DC1-0209-464D-9D84-F63D640DC3CD}.Release|iPhoneSimulator.Deploy.0 = Release|Any CPU
	EndGlobalSection
	GlobalSection(SolutionProperties) = preSolution
		HideSolutionNode = FALSE
	EndGlobalSection
	GlobalSection(ExtensibilityGlobals) = postSolution
		SolutionGuid = {0C6896B2-D271-4015-9734-F72DBC9EC66B}
	EndGlobalSection
EndGlobal
